
Microsoft Visual Studio Solution File, Format Version 12.00
# Visual Studio Version 17
VisualStudioVersion = 17.5.002.0
MinimumVisualStudioVersion = 10.0.40219.1
Project("{2150E333-8FDC-42A3-9474-1A3956D46DE8}") = "csharp-prep", "csharp-prep", "{446CB1D8-1417-421E-BA6F-C9921B2C99CD}"
EndProject
Project("{9A19103F-16F7-4668-BE54-9A1E7A4F7556}") = "Prep1", "csharp-prep\Prep1\Prep1.csproj", "{93052B4E-ACB6-4A90-9536-45F4F00E6A71}"
EndProject
Project("{9A19103F-16F7-4668-BE54-9A1E7A4F7556}") = "Prep2", "csharp-prep\Prep2\Prep2.csproj", "{8AD74B79-9DC9-4F04-8335-BB70F85106C1}"
EndProject
Project("{9A19103F-16F7-4668-BE54-9A1E7A4F7556}") = "Prep3", "csharp-prep\Prep3\Prep3.csproj", "{31565E25-E683-4595-BF7D-4F32458DB59C}"
EndProject
Project("{9A19103F-16F7-4668-BE54-9A1E7A4F7556}") = "Prep4", "csharp-prep\Prep4\Prep4.csproj", "{363B3B4E-3ABB-4A4B-8BB1-095EE9B93D39}"
EndProject
Project("{9A19103F-16F7-4668-BE54-9A1E7A4F7556}") = "Prep5", "csharp-prep\Prep5\Prep5.csproj", "{7EE22DBC-716C-4DFF-B62B-65CAE0F5E354}"
EndProject
Project("{2150E333-8FDC-42A3-9474-1A3956D46DE8}") = "final", "final", "{9F8D8C96-CB27-4FFD-AA86-3C032DC56C59}"
EndProject
Project("{9A19103F-16F7-4668-BE54-9A1E7A4F7556}") = "FinalProject", "final\FinalProject\FinalProject.csproj", "{25B74618-DF70-4B46-9D17-AD45953272DA}"
EndProject
Project("{9A19103F-16F7-4668-BE54-9A1E7A4F7556}") = "Foundation1", "final\Foundation1\Foundation1.csproj", "{D2520FE6-C728-48B2-9759-9F4B00EE621F}"
EndProject
Project("{9A19103F-16F7-4668-BE54-9A1E7A4F7556}") = "Foundation2", "final\Foundation2\Foundation2.csproj", "{2EFF011A-8552-44C8-A9B1-20977B108863}"
EndProject
Project("{9A19103F-16F7-4668-BE54-9A1E7A4F7556}") = "Foundation3", "final\Foundation3\Foundation3.csproj", "{50214440-5B89-4313-B84D-17E66136139A}"
EndProject
Project("{9A19103F-16F7-4668-BE54-9A1E7A4F7556}") = "Foundation4", "final\Foundation4\Foundation4.csproj", "{7159CAAC-0690-4782-A481-F02CD2CF88AA}"
EndProject
Project("{2150E333-8FDC-42A3-9474-1A3956D46DE8}") = "prepare", "prepare", "{3E13607F-6DC5-4D7B-B69B-34EA5BDBE190}"
EndProject
Project("{9A19103F-16F7-4668-BE54-9A1E7A4F7556}") = "Learning02", "prepare\Learning02\Learning02.csproj", "{C116E9BD-4499-41BE-8C31-49B446A1C264}"
EndProject
Project("{9A19103F-16F7-4668-BE54-9A1E7A4F7556}") = "Learning03", "prepare\Learning03\Learning03.csproj", "{570C2C04-0FC7-45E1-8A44-D83D88397E51}"
EndProject
Project("{9A19103F-16F7-4668-BE54-9A1E7A4F7556}") = "Learning04", "prepare\Learning04\Learning04.csproj", "{054A9337-2147-4533-BFC0-E13342D2316B}"
EndProject
Project("{9A19103F-16F7-4668-BE54-9A1E7A4F7556}") = "Learning05", "prepare\Learning05\Learning05.csproj", "{B6BA7E2E-07EC-47A2-805D-62928D98DB38}"
EndProject
Project("{2150E333-8FDC-42A3-9474-1A3956D46DE8}") = "prove", "prove", "{7A2D8BA7-E37E-4DBE-A22E-2DEAB80653BD}"
EndProject
Project("{9A19103F-16F7-4668-BE54-9A1E7A4F7556}") = "Develop02", "prove\Develop02\Develop02.csproj", "{906D5941-84EC-4CDB-867D-3BD66B892BF4}"
EndProject
Project("{9A19103F-16F7-4668-BE54-9A1E7A4F7556}") = "Develop03", "prove\Develop03\Develop03.csproj", "{7745C1FC-DA95-4BE6-BF60-91D3D537F6AB}"
EndProject
Project("{9A19103F-16F7-4668-BE54-9A1E7A4F7556}") = "Develop04", "prove\Develop04\Develop04.csproj", "{D604F98B-E131-419E-8A0C-224CFC70EC41}"
EndProject
Project("{9A19103F-16F7-4668-BE54-9A1E7A4F7556}") = "Develop05", "prove\Develop05\Develop05.csproj", "{708F81EE-C394-492F-8C4C-AD4CC8277640}"
EndProject
Project("{2150E333-8FDC-42A3-9474-1A3956D46DE8}") = "sandbox", "sandbox", "{6FDE4371-3635-472D-A2C4-F35DD306CF5B}"
EndProject
Project("{9A19103F-16F7-4668-BE54-9A1E7A4F7556}") = "Sandbox", "sandbox\Sandbox\Sandbox.csproj", "{ED5C23A0-CCBC-4C97-A893-F9DB17CAF64C}"
EndProject
Global
	GlobalSection(SolutionConfigurationPlatforms) = preSolution
		Debug|Any CPU = Debug|Any CPU
		Release|Any CPU = Release|Any CPU
	EndGlobalSection
	GlobalSection(ProjectConfigurationPlatforms) = postSolution
		{93052B4E-ACB6-4A90-9536-45F4F00E6A71}.Debug|Any CPU.ActiveCfg = Debug|Any CPU
		{93052B4E-ACB6-4A90-9536-45F4F00E6A71}.Debug|Any CPU.Build.0 = Debug|Any CPU
		{93052B4E-ACB6-4A90-9536-45F4F00E6A71}.Release|Any CPU.ActiveCfg = Release|Any CPU
		{93052B4E-ACB6-4A90-9536-45F4F00E6A71}.Release|Any CPU.Build.0 = Release|Any CPU
		{8AD74B79-9DC9-4F04-8335-BB70F85106C1}.Debug|Any CPU.ActiveCfg = Debug|Any CPU
		{8AD74B79-9DC9-4F04-8335-BB70F85106C1}.Debug|Any CPU.Build.0 = Debug|Any CPU
		{8AD74B79-9DC9-4F04-8335-BB70F85106C1}.Release|Any CPU.ActiveCfg = Release|Any CPU
		{8AD74B79-9DC9-4F04-8335-BB70F85106C1}.Release|Any CPU.Build.0 = Release|Any CPU
		{31565E25-E683-4595-BF7D-4F32458DB59C}.Debug|Any CPU.ActiveCfg = Debug|Any CPU
		{31565E25-E683-4595-BF7D-4F32458DB59C}.Debug|Any CPU.Build.0 = Debug|Any CPU
		{31565E25-E683-4595-BF7D-4F32458DB59C}.Release|Any CPU.ActiveCfg = Release|Any CPU
		{31565E25-E683-4595-BF7D-4F32458DB59C}.Release|Any CPU.Build.0 = Release|Any CPU
		{363B3B4E-3ABB-4A4B-8BB1-095EE9B93D39}.Debug|Any CPU.ActiveCfg = Debug|Any CPU
		{363B3B4E-3ABB-4A4B-8BB1-095EE9B93D39}.Debug|Any CPU.Build.0 = Debug|Any CPU
		{363B3B4E-3ABB-4A4B-8BB1-095EE9B93D39}.Release|Any CPU.ActiveCfg = Release|Any CPU
		{363B3B4E-3ABB-4A4B-8BB1-095EE9B93D39}.Release|Any CPU.Build.0 = Release|Any CPU
		{7EE22DBC-716C-4DFF-B62B-65CAE0F5E354}.Debug|Any CPU.ActiveCfg = Debug|Any CPU
		{7EE22DBC-716C-4DFF-B62B-65CAE0F5E354}.Debug|Any CPU.Build.0 = Debug|Any CPU
		{7EE22DBC-716C-4DFF-B62B-65CAE0F5E354}.Release|Any CPU.ActiveCfg = Release|Any CPU
		{7EE22DBC-716C-4DFF-B62B-65CAE0F5E354}.Release|Any CPU.Build.0 = Release|Any CPU
		{25B74618-DF70-4B46-9D17-AD45953272DA}.Debug|Any CPU.ActiveCfg = Debug|Any CPU
		{25B74618-DF70-4B46-9D17-AD45953272DA}.Debug|Any CPU.Build.0 = Debug|Any CPU
		{25B74618-DF70-4B46-9D17-AD45953272DA}.Release|Any CPU.ActiveCfg = Release|Any CPU
		{25B74618-DF70-4B46-9D17-AD45953272DA}.Release|Any CPU.Build.0 = Release|Any CPU
		{D2520FE6-C728-48B2-9759-9F4B00EE621F}.Debug|Any CPU.ActiveCfg = Debug|Any CPU
		{D2520FE6-C728-48B2-9759-9F4B00EE621F}.Debug|Any CPU.Build.0 = Debug|Any CPU
		{D2520FE6-C728-48B2-9759-9F4B00EE621F}.Release|Any CPU.ActiveCfg = Release|Any CPU
		{D2520FE6-C728-48B2-9759-9F4B00EE621F}.Release|Any CPU.Build.0 = Release|Any CPU
		{2EFF011A-8552-44C8-A9B1-20977B108863}.Debug|Any CPU.ActiveCfg = Debug|Any CPU
		{2EFF011A-8552-44C8-A9B1-20977B108863}.Debug|Any CPU.Build.0 = Debug|Any CPU
		{2EFF011A-8552-44C8-A9B1-20977B108863}.Release|Any CPU.ActiveCfg = Release|Any CPU
		{2EFF011A-8552-44C8-A9B1-20977B108863}.Release|Any CPU.Build.0 = Release|Any CPU
		{50214440-5B89-4313-B84D-17E66136139A}.Debug|Any CPU.ActiveCfg = Debug|Any CPU
		{50214440-5B89-4313-B84D-17E66136139A}.Debug|Any CPU.Build.0 = Debug|Any CPU
		{50214440-5B89-4313-B84D-17E66136139A}.Release|Any CPU.ActiveCfg = Release|Any CPU
		{50214440-5B89-4313-B84D-17E66136139A}.Release|Any CPU.Build.0 = Release|Any CPU
		{7159CAAC-0690-4782-A481-F02CD2CF88AA}.Debug|Any CPU.ActiveCfg = Debug|Any CPU
		{7159CAAC-0690-4782-A481-F02CD2CF88AA}.Debug|Any CPU.Build.0 = Debug|Any CPU
		{7159CAAC-0690-4782-A481-F02CD2CF88AA}.Release|Any CPU.ActiveCfg = Release|Any CPU
		{7159CAAC-0690-4782-A481-F02CD2CF88AA}.Release|Any CPU.Build.0 = Release|Any CPU
		{C116E9BD-4499-41BE-8C31-49B446A1C264}.Debug|Any CPU.ActiveCfg = Debug|Any CPU
		{C116E9BD-4499-41BE-8C31-49B446A1C264}.Debug|Any CPU.Build.0 = Debug|Any CPU
		{C116E9BD-4499-41BE-8C31-49B446A1C264}.Release|Any CPU.ActiveCfg = Release|Any CPU
		{C116E9BD-4499-41BE-8C31-49B446A1C264}.Release|Any CPU.Build.0 = Release|Any CPU
		{570C2C04-0FC7-45E1-8A44-D83D88397E51}.Debug|Any CPU.ActiveCfg = Debug|Any CPU
		{570C2C04-0FC7-45E1-8A44-D83D88397E51}.Debug|Any CPU.Build.0 = Debug|Any CPU
		{570C2C04-0FC7-45E1-8A44-D83D88397E51}.Release|Any CPU.ActiveCfg = Release|Any CPU
		{570C2C04-0FC7-45E1-8A44-D83D88397E51}.Release|Any CPU.Build.0 = Release|Any CPU
		{054A9337-2147-4533-BFC0-E13342D2316B}.Debug|Any CPU.ActiveCfg = Debug|Any CPU
		{054A9337-2147-4533-BFC0-E13342D2316B}.Debug|Any CPU.Build.0 = Debug|Any CPU
		{054A9337-2147-4533-BFC0-E13342D2316B}.Release|Any CPU.ActiveCfg = Release|Any CPU
		{054A9337-2147-4533-BFC0-E13342D2316B}.Release|Any CPU.Build.0 = Release|Any CPU
		{B6BA7E2E-07EC-47A2-805D-62928D98DB38}.Debug|Any CPU.ActiveCfg = Debug|Any CPU
		{B6BA7E2E-07EC-47A2-805D-62928D98DB38}.Debug|Any CPU.Build.0 = Debug|Any CPU
		{B6BA7E2E-07EC-47A2-805D-62928D98DB38}.Release|Any CPU.ActiveCfg = Release|Any CPU
		{B6BA7E2E-07EC-47A2-805D-62928D98DB38}.Release|Any CPU.Build.0 = Release|Any CPU
		{906D5941-84EC-4CDB-867D-3BD66B892BF4}.Debug|Any CPU.ActiveCfg = Debug|Any CPU
		{906D5941-84EC-4CDB-867D-3BD66B892BF4}.Debug|Any CPU.Build.0 = Debug|Any CPU
		{906D5941-84EC-4CDB-867D-3BD66B892BF4}.Release|Any CPU.ActiveCfg = Release|Any CPU
		{906D5941-84EC-4CDB-867D-3BD66B892BF4}.Release|Any CPU.Build.0 = Release|Any CPU
		{7745C1FC-DA95-4BE6-BF60-91D3D537F6AB}.Debug|Any CPU.ActiveCfg = Debug|Any CPU
		{7745C1FC-DA95-4BE6-BF60-91D3D537F6AB}.Debug|Any CPU.Build.0 = Debug|Any CPU
		{7745C1FC-DA95-4BE6-BF60-91D3D537F6AB}.Release|Any CPU.ActiveCfg = Release|Any CPU
		{7745C1FC-DA95-4BE6-BF60-91D3D537F6AB}.Release|Any CPU.Build.0 = Release|Any CPU
		{D604F98B-E131-419E-8A0C-224CFC70EC41}.Debug|Any CPU.ActiveCfg = Debug|Any CPU
		{D604F98B-E131-419E-8A0C-224CFC70EC41}.Debug|Any CPU.Build.0 = Debug|Any CPU
		{D604F98B-E131-419E-8A0C-224CFC70EC41}.Release|Any CPU.ActiveCfg = Release|Any CPU
		{D604F98B-E131-419E-8A0C-224CFC70EC41}.Release|Any CPU.Build.0 = Release|Any CPU
		{708F81EE-C394-492F-8C4C-AD4CC8277640}.Debug|Any CPU.ActiveCfg = Debug|Any CPU
		{708F81EE-C394-492F-8C4C-AD4CC8277640}.Debug|Any CPU.Build.0 = Debug|Any CPU
		{708F81EE-C394-492F-8C4C-AD4CC8277640}.Release|Any CPU.ActiveCfg = Release|Any CPU
		{708F81EE-C394-492F-8C4C-AD4CC8277640}.Release|Any CPU.Build.0 = Release|Any CPU
		{ED5C23A0-CCBC-4C97-A893-F9DB17CAF64C}.Debug|Any CPU.ActiveCfg = Debug|Any CPU
		{ED5C23A0-CCBC-4C97-A893-F9DB17CAF64C}.Debug|Any CPU.Build.0 = Debug|Any CPU
		{ED5C23A0-CCBC-4C97-A893-F9DB17CAF64C}.Release|Any CPU.ActiveCfg = Release|Any CPU
		{ED5C23A0-CCBC-4C97-A893-F9DB17CAF64C}.Release|Any CPU.Build.0 = Release|Any CPU
	EndGlobalSection
	GlobalSection(SolutionProperties) = preSolution
		HideSolutionNode = FALSE
	EndGlobalSection
	GlobalSection(NestedProjects) = preSolution
		{93052B4E-ACB6-4A90-9536-45F4F00E6A71} = {446CB1D8-1417-421E-BA6F-C9921B2C99CD}
		{8AD74B79-9DC9-4F04-8335-BB70F85106C1} = {446CB1D8-1417-421E-BA6F-C9921B2C99CD}
		{31565E25-E683-4595-BF7D-4F32458DB59C} = {446CB1D8-1417-421E-BA6F-C9921B2C99CD}
		{363B3B4E-3ABB-4A4B-8BB1-095EE9B93D39} = {446CB1D8-1417-421E-BA6F-C9921B2C99CD}
		{7EE22DBC-716C-4DFF-B62B-65CAE0F5E354} = {446CB1D8-1417-421E-BA6F-C9921B2C99CD}
		{25B74618-DF70-4B46-9D17-AD45953272DA} = {9F8D8C96-CB27-4FFD-AA86-3C032DC56C59}
		{D2520FE6-C728-48B2-9759-9F4B00EE621F} = {9F8D8C96-CB27-4FFD-AA86-3C032DC56C59}
		{2EFF011A-8552-44C8-A9B1-20977B108863} = {9F8D8C96-CB27-4FFD-AA86-3C032DC56C59}
		{50214440-5B89-4313-B84D-17E66136139A} = {9F8D8C96-CB27-4FFD-AA86-3C032DC56C59}
		{7159CAAC-0690-4782-A481-F02CD2CF88AA} = {9F8D8C96-CB27-4FFD-AA86-3C032DC56C59}
		{C116E9BD-4499-41BE-8C31-49B446A1C264} = {3E13607F-6DC5-4D7B-B69B-34EA5BDBE190}
		{570C2C04-0FC7-45E1-8A44-D83D88397E51} = {3E13607F-6DC5-4D7B-B69B-34EA5BDBE190}
		{054A9337-2147-4533-BFC0-E13342D2316B} = {3E13607F-6DC5-4D7B-B69B-34EA5BDBE190}
		{B6BA7E2E-07EC-47A2-805D-62928D98DB38} = {3E13607F-6DC5-4D7B-B69B-34EA5BDBE190}
		{906D5941-84EC-4CDB-867D-3BD66B892BF4} = {7A2D8BA7-E37E-4DBE-A22E-2DEAB80653BD}
		{7745C1FC-DA95-4BE6-BF60-91D3D537F6AB} = {7A2D8BA7-E37E-4DBE-A22E-2DEAB80653BD}
		{D604F98B-E131-419E-8A0C-224CFC70EC41} = {7A2D8BA7-E37E-4DBE-A22E-2DEAB80653BD}
		{708F81EE-C394-492F-8C4C-AD4CC8277640} = {7A2D8BA7-E37E-4DBE-A22E-2DEAB80653BD}
		{ED5C23A0-CCBC-4C97-A893-F9DB17CAF64C} = {6FDE4371-3635-472D-A2C4-F35DD306CF5B}
	EndGlobalSection
	GlobalSection(ExtensibilityGlobals) = postSolution
		SolutionGuid = {39E5A51E-F2F9-4C6F-86ED-49277C3C9B92}
	EndGlobalSection
EndGlobal
